{
  "object": {
    "pins": [
      {
        "package": "AppAuth",
        "repositoryURL": "https://github.com/openid/AppAuth-iOS",
        "state": {
          "branch": null,
          "revision": "01131d68346c8ae552961c768d583c715fbe1410",
          "version": "1.4.0"
        }
      },
      {
        "package": "TIM",
        "repositoryURL": "https://github.com/trifork/TIM-iOS.git",
        "state": {
          "branch": "main",
          "revision": "18233112d9abad04f6e3cf88043c108a8abdd7a3",
          "version": null
        }
      },
      {
        "package": "TIMEncryptedStorage",
        "repositoryURL": "https://github.com/trifork/TIMEncryptedStorage-iOS",
        "state": {
          "branch": "main",
          "revision": "128170acd09b48aae2d9b2747b240236fbf0125e",
          "version": null
        }
      }
    ]
  },
  "version": 1
}
