{
  "object": {
    "pins": [
      {
        "package": "AppAuth",
        "repositoryURL": "https://github.com/openid/AppAuth-iOS",
        "state": {
          "branch": null,
          "revision": "01131d68346c8ae552961c768d583c715fbe1410",
          "version": "1.4.0"
        }
      },
      {
        "package": "TIM",
        "repositoryURL": "https://github.com/trifork/TIM-iOS.git",
        "state": {
          "branch": "main",
          "revision": "2212061efc3c20483c220e609e957e9460e23d82",
          "version": null
        }
      },
      {
        "package": "TIMEncryptedStorage",
        "repositoryURL": "https://github.com/trifork/TIMEncryptedStorage-iOS",
        "state": {
          "branch": "main",
          "revision": "bba9a6b371ec22613ae309814b0c9e20c7d08718",
          "version": null
        }
      }
    ]
  },
  "version": 1
}
