{
  "object": {
    "pins": [
      {
        "package": "AppAuth",
        "repositoryURL": "https://github.com/openid/AppAuth-iOS",
        "state": {
          "branch": null,
          "revision": "01131d68346c8ae552961c768d583c715fbe1410",
          "version": "1.4.0"
        }
      },
      {
        "package": "TIM",
        "repositoryURL": "https://github.com/tkctrifork/TIM-iOS.git",
        "state": {
          "branch": "main",
          "revision": "e653b6ed279e65d92e17ec44c34141d9bf56eb76",
          "version": null
        }
      },
      {
        "package": "TIMEncryptedStorage",
        "repositoryURL": "https://github.com/tkctrifork/TIMEncryptedStorage-iOS",
        "state": {
          "branch": "main",
          "revision": "de895c3daa87b2734d554dd7a79c00be54cb90b6",
          "version": null
        }
      }
    ]
  },
  "version": 1
}
