// !$*UTF8*$!
{
	archiveVersion = 1;
	classes = {
	};
	objectVersion = 52;
	objects = {

/* Begin PBXBuildFile section */
		E90223952553E411008F51F9 /* AuthenticatedViewModel.swift in Sources */ = {isa = PBXBuildFile; fileRef = E90223942553E411008F51F9 /* AuthenticatedViewModel.swift */; };
		E90CF8D32547FE490087CDC0 /* UserSettings.swift in Sources */ = {isa = PBXBuildFile; fileRef = E90CF8D22547FE490087CDC0 /* UserSettings.swift */; };
		E90CF8D7254800BE0087CDC0 /* LABiometricType+Extensions.swift in Sources */ = {isa = PBXBuildFile; fileRef = E90CF8D6254800BE0087CDC0 /* LABiometricType+Extensions.swift */; };
		E90CF8DE254818C50087CDC0 /* NavigationViewRoot.swift in Sources */ = {isa = PBXBuildFile; fileRef = E90CF8DD254818C50087CDC0 /* NavigationViewRoot.swift */; };
		E90CF8E325481CB40087CDC0 /* AuthenticatedView.swift in Sources */ = {isa = PBXBuildFile; fileRef = E90CF8E225481CB40087CDC0 /* AuthenticatedView.swift */; };
		E90CF8E825481E000087CDC0 /* TokenView.swift in Sources */ = {isa = PBXBuildFile; fileRef = E90CF8E725481E000087CDC0 /* TokenView.swift */; };
		E90CF8F125482B930087CDC0 /* LoginWithPinCodeView.swift in Sources */ = {isa = PBXBuildFile; fileRef = E90CF8F025482B930087CDC0 /* LoginWithPinCodeView.swift */; };
		E96B86D4253F0040000E3CDA /* JWTDecoder.swift in Sources */ = {isa = PBXBuildFile; fileRef = E96B86D3253F0040000E3CDA /* JWTDecoder.swift */; };
		E96B86E1253F1051000E3CDA /* LoginView.swift in Sources */ = {isa = PBXBuildFile; fileRef = E96B86E0253F1051000E3CDA /* LoginView.swift */; };
		E99F698E2547104C00DC6D51 /* CreateNewPinCodeView.swift in Sources */ = {isa = PBXBuildFile; fileRef = E99F698D2547104C00DC6D51 /* CreateNewPinCodeView.swift */; };
		E99F699125471C3000DC6D51 /* BiometricLoginSettingView.swift in Sources */ = {isa = PBXBuildFile; fileRef = E99F699025471C3000DC6D51 /* BiometricLoginSettingView.swift */; };
		E9C09C6F254AB26F005C3E97 /* TokenViewModel.swift in Sources */ = {isa = PBXBuildFile; fileRef = E9C09C6E254AB26F005C3E97 /* TokenViewModel.swift */; };
		E9C09C72254AB565005C3E97 /* LoginViewModel.swift in Sources */ = {isa = PBXBuildFile; fileRef = E9C09C71254AB565005C3E97 /* LoginViewModel.swift */; };
		E9C09C75254ABFD1005C3E97 /* WelcomeViewModel.swift in Sources */ = {isa = PBXBuildFile; fileRef = E9C09C74254ABFD1005C3E97 /* WelcomeViewModel.swift */; };
		E9C09C78254AC174005C3E97 /* CreateNewPinCodeViewModel.swift in Sources */ = {isa = PBXBuildFile; fileRef = E9C09C77254AC174005C3E97 /* CreateNewPinCodeViewModel.swift */; };
		E9C09C7B254AC3E0005C3E97 /* BiometricLoginSettingViewModel.swift in Sources */ = {isa = PBXBuildFile; fileRef = E9C09C7A254AC3E0005C3E97 /* BiometricLoginSettingViewModel.swift */; };
		E9C09C9C254ADCE3005C3E97 /* TIM in Frameworks */ = {isa = PBXBuildFile; productRef = E9C09C9B254ADCE3005C3E97 /* TIM */; };
		E9E9F6B5253EC3E000612836 /* TIM-Example-App.swift in Sources */ = {isa = PBXBuildFile; fileRef = E9E9F6B4253EC3E000612836 /* TIM-Example-App.swift */; };
		E9E9F6B7253EC3E000612836 /* WelcomeView.swift in Sources */ = {isa = PBXBuildFile; fileRef = E9E9F6B6253EC3E000612836 /* WelcomeView.swift */; };
		E9E9F6B9253EC3E200612836 /* Assets.xcassets in Resources */ = {isa = PBXBuildFile; fileRef = E9E9F6B8253EC3E200612836 /* Assets.xcassets */; };
		E9E9F6BC253EC3E200612836 /* Preview Assets.xcassets in Resources */ = {isa = PBXBuildFile; fileRef = E9E9F6BB253EC3E200612836 /* Preview Assets.xcassets */; };
/* End PBXBuildFile section */

/* Begin PBXFileReference section */
		E90223942553E411008F51F9 /* AuthenticatedViewModel.swift */ = {isa = PBXFileReference; lastKnownFileType = sourcecode.swift; path = AuthenticatedViewModel.swift; sourceTree = "<group>"; };
		E90CF8D22547FE490087CDC0 /* UserSettings.swift */ = {isa = PBXFileReference; lastKnownFileType = sourcecode.swift; path = UserSettings.swift; sourceTree = "<group>"; };
		E90CF8D6254800BE0087CDC0 /* LABiometricType+Extensions.swift */ = {isa = PBXFileReference; lastKnownFileType = sourcecode.swift; path = "LABiometricType+Extensions.swift"; sourceTree = "<group>"; };
		E90CF8DD254818C50087CDC0 /* NavigationViewRoot.swift */ = {isa = PBXFileReference; lastKnownFileType = sourcecode.swift; path = NavigationViewRoot.swift; sourceTree = "<group>"; };
		E90CF8E225481CB40087CDC0 /* AuthenticatedView.swift */ = {isa = PBXFileReference; lastKnownFileType = sourcecode.swift; path = AuthenticatedView.swift; sourceTree = "<group>"; };
		E90CF8E725481E000087CDC0 /* TokenView.swift */ = {isa = PBXFileReference; lastKnownFileType = sourcecode.swift; path = TokenView.swift; sourceTree = "<group>"; };
		E90CF8F025482B930087CDC0 /* LoginWithPinCodeView.swift */ = {isa = PBXFileReference; lastKnownFileType = sourcecode.swift; path = LoginWithPinCodeView.swift; sourceTree = "<group>"; };
		E96B86D3253F0040000E3CDA /* JWTDecoder.swift */ = {isa = PBXFileReference; lastKnownFileType = sourcecode.swift; path = JWTDecoder.swift; sourceTree = "<group>"; };
		E96B86E0253F1051000E3CDA /* LoginView.swift */ = {isa = PBXFileReference; lastKnownFileType = sourcecode.swift; path = LoginView.swift; sourceTree = "<group>"; };
		E99F698D2547104C00DC6D51 /* CreateNewPinCodeView.swift */ = {isa = PBXFileReference; lastKnownFileType = sourcecode.swift; path = CreateNewPinCodeView.swift; sourceTree = "<group>"; };
		E99F699025471C3000DC6D51 /* BiometricLoginSettingView.swift */ = {isa = PBXFileReference; lastKnownFileType = sourcecode.swift; path = BiometricLoginSettingView.swift; sourceTree = "<group>"; };
		E9C09C6E254AB26F005C3E97 /* TokenViewModel.swift */ = {isa = PBXFileReference; lastKnownFileType = sourcecode.swift; path = TokenViewModel.swift; sourceTree = "<group>"; };
		E9C09C71254AB565005C3E97 /* LoginViewModel.swift */ = {isa = PBXFileReference; lastKnownFileType = sourcecode.swift; path = LoginViewModel.swift; sourceTree = "<group>"; };
		E9C09C74254ABFD1005C3E97 /* WelcomeViewModel.swift */ = {isa = PBXFileReference; lastKnownFileType = sourcecode.swift; path = WelcomeViewModel.swift; sourceTree = "<group>"; };
		E9C09C77254AC174005C3E97 /* CreateNewPinCodeViewModel.swift */ = {isa = PBXFileReference; lastKnownFileType = sourcecode.swift; path = CreateNewPinCodeViewModel.swift; sourceTree = "<group>"; };
		E9C09C7A254AC3E0005C3E97 /* BiometricLoginSettingViewModel.swift */ = {isa = PBXFileReference; lastKnownFileType = sourcecode.swift; path = BiometricLoginSettingViewModel.swift; sourceTree = "<group>"; };
		E9E9F6B1253EC3E000612836 /* TIM-Example-iOS.app */ = {isa = PBXFileReference; explicitFileType = wrapper.application; includeInIndex = 0; path = "TIM-Example-iOS.app"; sourceTree = BUILT_PRODUCTS_DIR; };
		E9E9F6B4253EC3E000612836 /* TIM-Example-App.swift */ = {isa = PBXFileReference; lastKnownFileType = sourcecode.swift; path = "TIM-Example-App.swift"; sourceTree = "<group>"; };
		E9E9F6B6253EC3E000612836 /* WelcomeView.swift */ = {isa = PBXFileReference; lastKnownFileType = sourcecode.swift; path = WelcomeView.swift; sourceTree = "<group>"; };
		E9E9F6B8253EC3E200612836 /* Assets.xcassets */ = {isa = PBXFileReference; lastKnownFileType = folder.assetcatalog; path = Assets.xcassets; sourceTree = "<group>"; };
		E9E9F6BB253EC3E200612836 /* Preview Assets.xcassets */ = {isa = PBXFileReference; lastKnownFileType = folder.assetcatalog; path = "Preview Assets.xcassets"; sourceTree = "<group>"; };
		E9E9F6BD253EC3E200612836 /* Info.plist */ = {isa = PBXFileReference; lastKnownFileType = text.plist.xml; path = Info.plist; sourceTree = "<group>"; };
/* End PBXFileReference section */

/* Begin PBXFrameworksBuildPhase section */
		E9E9F6AE253EC3E000612836 /* Frameworks */ = {
			isa = PBXFrameworksBuildPhase;
			buildActionMask = 2147483647;
			files = (
				E9C09C9C254ADCE3005C3E97 /* TIM in Frameworks */,
			);
			runOnlyForDeploymentPostprocessing = 0;
		};
/* End PBXFrameworksBuildPhase section */

/* Begin PBXGroup section */
		E90CF8D5254800AB0087CDC0 /* Extensions */ = {
			isa = PBXGroup;
			children = (
				E90CF8D6254800BE0087CDC0 /* LABiometricType+Extensions.swift */,
			);
			path = Extensions;
			sourceTree = "<group>";
		};
		E90CF8DC254818AD0087CDC0 /* EnvironmentObjects */ = {
			isa = PBXGroup;
			children = (
				E90CF8DD254818C50087CDC0 /* NavigationViewRoot.swift */,
			);
			path = EnvironmentObjects;
			sourceTree = "<group>";
		};
		E90CF8E125481C9D0087CDC0 /* AuthenticatedView */ = {
			isa = PBXGroup;
			children = (
				E90CF8E225481CB40087CDC0 /* AuthenticatedView.swift */,
				E90223942553E411008F51F9 /* AuthenticatedViewModel.swift */,
			);
			path = AuthenticatedView;
			sourceTree = "<group>";
		};
		E90CF8E625481DF60087CDC0 /* TokenView */ = {
			isa = PBXGroup;
			children = (
				E90CF8E725481E000087CDC0 /* TokenView.swift */,
				E9C09C6E254AB26F005C3E97 /* TokenViewModel.swift */,
			);
			path = TokenView;
			sourceTree = "<group>";
		};
		E90CF8EB25482B360087CDC0 /* LoginView */ = {
			isa = PBXGroup;
			children = (
				E96B86E0253F1051000E3CDA /* LoginView.swift */,
				E90CF8F025482B930087CDC0 /* LoginWithPinCodeView.swift */,
				E9C09C71254AB565005C3E97 /* LoginViewModel.swift */,
			);
			path = LoginView;
			sourceTree = "<group>";
		};
		E90CF8EC25482B3E0087CDC0 /* CreateNewPinCodeView */ = {
			isa = PBXGroup;
			children = (
				E99F698D2547104C00DC6D51 /* CreateNewPinCodeView.swift */,
				E9C09C77254AC174005C3E97 /* CreateNewPinCodeViewModel.swift */,
			);
			path = CreateNewPinCodeView;
			sourceTree = "<group>";
		};
		E90CF8ED25482B470087CDC0 /* BiometricLoginSettingView */ = {
			isa = PBXGroup;
			children = (
				E99F699025471C3000DC6D51 /* BiometricLoginSettingView.swift */,
				E9C09C7A254AC3E0005C3E97 /* BiometricLoginSettingViewModel.swift */,
			);
			path = BiometricLoginSettingView;
			sourceTree = "<group>";
		};
		E90CF8EE25482B580087CDC0 /* WelcomeView */ = {
			isa = PBXGroup;
			children = (
				E9E9F6B6253EC3E000612836 /* WelcomeView.swift */,
				E9C09C74254ABFD1005C3E97 /* WelcomeViewModel.swift */,
			);
			path = WelcomeView;
			sourceTree = "<group>";
		};
		E96B86D2253F0037000E3CDA /* Helpers */ = {
			isa = PBXGroup;
			children = (
				E96B86D3253F0040000E3CDA /* JWTDecoder.swift */,
				E90CF8D22547FE490087CDC0 /* UserSettings.swift */,
			);
			path = Helpers;
			sourceTree = "<group>";
		};
		E9E9F6A8253EC3E000612836 = {
			isa = PBXGroup;
			children = (
				E9E9F6B3253EC3E000612836 /* TIM-Example-iOS */,
				E9E9F6B2253EC3E000612836 /* Products */,
			);
			sourceTree = "<group>";
		};
		E9E9F6B2253EC3E000612836 /* Products */ = {
			isa = PBXGroup;
			children = (
				E9E9F6B1253EC3E000612836 /* TIM-Example-iOS.app */,
			);
			name = Products;
			sourceTree = "<group>";
		};
		E9E9F6B3253EC3E000612836 /* TIM-Example-iOS */ = {
			isa = PBXGroup;
			children = (
				E9E9F6CF253EC76000612836 /* App */,
				E90CF8DC254818AD0087CDC0 /* EnvironmentObjects */,
				E90CF8D5254800AB0087CDC0 /* Extensions */,
				E96B86D2253F0037000E3CDA /* Helpers */,
				E9E9F6BA253EC3E200612836 /* Preview Content */,
				E9E9F6D1253EC76E00612836 /* Resources */,
				E9E9F6D0253EC76800612836 /* Views */,
			);
			path = "TIM-Example-iOS";
			sourceTree = "<group>";
		};
		E9E9F6BA253EC3E200612836 /* Preview Content */ = {
			isa = PBXGroup;
			children = (
				E9E9F6BB253EC3E200612836 /* Preview Assets.xcassets */,
			);
			path = "Preview Content";
			sourceTree = "<group>";
		};
		E9E9F6CF253EC76000612836 /* App */ = {
			isa = PBXGroup;
			children = (
				E9E9F6B4253EC3E000612836 /* TIM-Example-App.swift */,
			);
			path = App;
			sourceTree = "<group>";
		};
		E9E9F6D0253EC76800612836 /* Views */ = {
			isa = PBXGroup;
			children = (
				E90CF8E125481C9D0087CDC0 /* AuthenticatedView */,
				E90CF8ED25482B470087CDC0 /* BiometricLoginSettingView */,
				E90CF8EC25482B3E0087CDC0 /* CreateNewPinCodeView */,
				E90CF8EB25482B360087CDC0 /* LoginView */,
				E90CF8E625481DF60087CDC0 /* TokenView */,
				E90CF8EE25482B580087CDC0 /* WelcomeView */,
			);
			path = Views;
			sourceTree = "<group>";
		};
		E9E9F6D1253EC76E00612836 /* Resources */ = {
			isa = PBXGroup;
			children = (
				E9E9F6B8253EC3E200612836 /* Assets.xcassets */,
				E9E9F6BD253EC3E200612836 /* Info.plist */,
			);
			path = Resources;
			sourceTree = "<group>";
		};
/* End PBXGroup section */

/* Begin PBXNativeTarget section */
		E9E9F6B0253EC3E000612836 /* TIM-Example-iOS */ = {
			isa = PBXNativeTarget;
			buildConfigurationList = E9E9F6C0253EC3E200612836 /* Build configuration list for PBXNativeTarget "TIM-Example-iOS" */;
			buildPhases = (
				E9E9F6AD253EC3E000612836 /* Sources */,
				E9E9F6AE253EC3E000612836 /* Frameworks */,
				E9E9F6AF253EC3E000612836 /* Resources */,
			);
			buildRules = (
			);
			dependencies = (
			);
			name = "TIM-Example-iOS";
			packageProductDependencies = (
				E9C09C9B254ADCE3005C3E97 /* TIM */,
			);
			productName = "TriforkIdentityManager-Swift-Example";
			productReference = E9E9F6B1253EC3E000612836 /* TIM-Example-iOS.app */;
			productType = "com.apple.product-type.application";
		};
/* End PBXNativeTarget section */

/* Begin PBXProject section */
		E9E9F6A9253EC3E000612836 /* Project object */ = {
			isa = PBXProject;
			attributes = {
				LastSwiftUpdateCheck = 1200;
				LastUpgradeCheck = 1200;
				TargetAttributes = {
					E9E9F6B0253EC3E000612836 = {
						CreatedOnToolsVersion = 12.0.1;
					};
				};
			};
			buildConfigurationList = E9E9F6AC253EC3E000612836 /* Build configuration list for PBXProject "TIM-Example-iOS" */;
			compatibilityVersion = "Xcode 9.3";
			developmentRegion = en;
			hasScannedForEncodings = 0;
			knownRegions = (
				en,
				Base,
			);
			mainGroup = E9E9F6A8253EC3E000612836;
			packageReferences = (
				E9C09C9A254ADCE3005C3E97 /* XCRemoteSwiftPackageReference "TIM-iOS" */,
			);
			productRefGroup = E9E9F6B2253EC3E000612836 /* Products */;
			projectDirPath = "";
			projectRoot = "";
			targets = (
				E9E9F6B0253EC3E000612836 /* TIM-Example-iOS */,
			);
		};
/* End PBXProject section */

/* Begin PBXResourcesBuildPhase section */
		E9E9F6AF253EC3E000612836 /* Resources */ = {
			isa = PBXResourcesBuildPhase;
			buildActionMask = 2147483647;
			files = (
				E9E9F6BC253EC3E200612836 /* Preview Assets.xcassets in Resources */,
				E9E9F6B9253EC3E200612836 /* Assets.xcassets in Resources */,
			);
			runOnlyForDeploymentPostprocessing = 0;
		};
/* End PBXResourcesBuildPhase section */

/* Begin PBXSourcesBuildPhase section */
		E9E9F6AD253EC3E000612836 /* Sources */ = {
			isa = PBXSourcesBuildPhase;
			buildActionMask = 2147483647;
			files = (
				E90CF8E325481CB40087CDC0 /* AuthenticatedView.swift in Sources */,
				E9C09C75254ABFD1005C3E97 /* WelcomeViewModel.swift in Sources */,
				E90CF8E825481E000087CDC0 /* TokenView.swift in Sources */,
				E9E9F6B7253EC3E000612836 /* WelcomeView.swift in Sources */,
				E90CF8DE254818C50087CDC0 /* NavigationViewRoot.swift in Sources */,
				E9C09C7B254AC3E0005C3E97 /* BiometricLoginSettingViewModel.swift in Sources */,
				E90223952553E411008F51F9 /* AuthenticatedViewModel.swift in Sources */,
				E99F698E2547104C00DC6D51 /* CreateNewPinCodeView.swift in Sources */,
				E9C09C78254AC174005C3E97 /* CreateNewPinCodeViewModel.swift in Sources */,
				E96B86E1253F1051000E3CDA /* LoginView.swift in Sources */,
				E9C09C72254AB565005C3E97 /* LoginViewModel.swift in Sources */,
				E99F699125471C3000DC6D51 /* BiometricLoginSettingView.swift in Sources */,
				E9C09C6F254AB26F005C3E97 /* TokenViewModel.swift in Sources */,
				E90CF8F125482B930087CDC0 /* LoginWithPinCodeView.swift in Sources */,
				E90CF8D32547FE490087CDC0 /* UserSettings.swift in Sources */,
				E90CF8D7254800BE0087CDC0 /* LABiometricType+Extensions.swift in Sources */,
				E9E9F6B5253EC3E000612836 /* TIM-Example-App.swift in Sources */,
				E96B86D4253F0040000E3CDA /* JWTDecoder.swift in Sources */,
			);
			runOnlyForDeploymentPostprocessing = 0;
		};
/* End PBXSourcesBuildPhase section */

/* Begin XCBuildConfiguration section */
		E9E9F6BE253EC3E200612836 /* Debug */ = {
			isa = XCBuildConfiguration;
			buildSettings = {
				ALWAYS_SEARCH_USER_PATHS = NO;
				CLANG_ANALYZER_NONNULL = YES;
				CLANG_ANALYZER_NUMBER_OBJECT_CONVERSION = YES_AGGRESSIVE;
				CLANG_CXX_LANGUAGE_STANDARD = "gnu++14";
				CLANG_CXX_LIBRARY = "libc++";
				CLANG_ENABLE_MODULES = YES;
				CLANG_ENABLE_OBJC_ARC = YES;
				CLANG_ENABLE_OBJC_WEAK = YES;
				CLANG_WARN_BLOCK_CAPTURE_AUTORELEASING = YES;
				CLANG_WARN_BOOL_CONVERSION = YES;
				CLANG_WARN_COMMA = YES;
				CLANG_WARN_CONSTANT_CONVERSION = YES;
				CLANG_WARN_DEPRECATED_OBJC_IMPLEMENTATIONS = YES;
				CLANG_WARN_DIRECT_OBJC_ISA_USAGE = YES_ERROR;
				CLANG_WARN_DOCUMENTATION_COMMENTS = YES;
				CLANG_WARN_EMPTY_BODY = YES;
				CLANG_WARN_ENUM_CONVERSION = YES;
				CLANG_WARN_INFINITE_RECURSION = YES;
				CLANG_WARN_INT_CONVERSION = YES;
				CLANG_WARN_NON_LITERAL_NULL_CONVERSION = YES;
				CLANG_WARN_OBJC_IMPLICIT_RETAIN_SELF = YES;
				CLANG_WARN_OBJC_LITERAL_CONVERSION = YES;
				CLANG_WARN_OBJC_ROOT_CLASS = YES_ERROR;
				CLANG_WARN_QUOTED_INCLUDE_IN_FRAMEWORK_HEADER = YES;
				CLANG_WARN_RANGE_LOOP_ANALYSIS = YES;
				CLANG_WARN_STRICT_PROTOTYPES = YES;
				CLANG_WARN_SUSPICIOUS_MOVE = YES;
				CLANG_WARN_UNGUARDED_AVAILABILITY = YES_AGGRESSIVE;
				CLANG_WARN_UNREACHABLE_CODE = YES;
				CLANG_WARN__DUPLICATE_METHOD_MATCH = YES;
				COPY_PHASE_STRIP = NO;
				DEBUG_INFORMATION_FORMAT = dwarf;
				ENABLE_STRICT_OBJC_MSGSEND = YES;
				ENABLE_TESTABILITY = YES;
				GCC_C_LANGUAGE_STANDARD = gnu11;
				GCC_DYNAMIC_NO_PIC = NO;
				GCC_NO_COMMON_BLOCKS = YES;
				GCC_OPTIMIZATION_LEVEL = 0;
				GCC_PREPROCESSOR_DEFINITIONS = (
					"DEBUG=1",
					"$(inherited)",
				);
				GCC_WARN_64_TO_32_BIT_CONVERSION = YES;
				GCC_WARN_ABOUT_RETURN_TYPE = YES_ERROR;
				GCC_WARN_UNDECLARED_SELECTOR = YES;
				GCC_WARN_UNINITIALIZED_AUTOS = YES_AGGRESSIVE;
				GCC_WARN_UNUSED_FUNCTION = YES;
				GCC_WARN_UNUSED_VARIABLE = YES;
				IPHONEOS_DEPLOYMENT_TARGET = 14.0;
				MTL_ENABLE_DEBUG_INFO = INCLUDE_SOURCE;
				MTL_FAST_MATH = YES;
				ONLY_ACTIVE_ARCH = YES;
				SDKROOT = iphoneos;
				SWIFT_ACTIVE_COMPILATION_CONDITIONS = DEBUG;
				SWIFT_OPTIMIZATION_LEVEL = "-Onone";
			};
			name = Debug;
		};
		E9E9F6BF253EC3E200612836 /* Release */ = {
			isa = XCBuildConfiguration;
			buildSettings = {
				ALWAYS_SEARCH_USER_PATHS = NO;
				CLANG_ANALYZER_NONNULL = YES;
				CLANG_ANALYZER_NUMBER_OBJECT_CONVERSION = YES_AGGRESSIVE;
				CLANG_CXX_LANGUAGE_STANDARD = "gnu++14";
				CLANG_CXX_LIBRARY = "libc++";
				CLANG_ENABLE_MODULES = YES;
				CLANG_ENABLE_OBJC_ARC = YES;
				CLANG_ENABLE_OBJC_WEAK = YES;
				CLANG_WARN_BLOCK_CAPTURE_AUTORELEASING = YES;
				CLANG_WARN_BOOL_CONVERSION = YES;
				CLANG_WARN_COMMA = YES;
				CLANG_WARN_CONSTANT_CONVERSION = YES;
				CLANG_WARN_DEPRECATED_OBJC_IMPLEMENTATIONS = YES;
				CLANG_WARN_DIRECT_OBJC_ISA_USAGE = YES_ERROR;
				CLANG_WARN_DOCUMENTATION_COMMENTS = YES;
				CLANG_WARN_EMPTY_BODY = YES;
				CLANG_WARN_ENUM_CONVERSION = YES;
				CLANG_WARN_INFINITE_RECURSION = YES;
				CLANG_WARN_INT_CONVERSION = YES;
				CLANG_WARN_NON_LITERAL_NULL_CONVERSION = YES;
				CLANG_WARN_OBJC_IMPLICIT_RETAIN_SELF = YES;
				CLANG_WARN_OBJC_LITERAL_CONVERSION = YES;
				CLANG_WARN_OBJC_ROOT_CLASS = YES_ERROR;
				CLANG_WARN_QUOTED_INCLUDE_IN_FRAMEWORK_HEADER = YES;
				CLANG_WARN_RANGE_LOOP_ANALYSIS = YES;
				CLANG_WARN_STRICT_PROTOTYPES = YES;
				CLANG_WARN_SUSPICIOUS_MOVE = YES;
				CLANG_WARN_UNGUARDED_AVAILABILITY = YES_AGGRESSIVE;
				CLANG_WARN_UNREACHABLE_CODE = YES;
				CLANG_WARN__DUPLICATE_METHOD_MATCH = YES;
				COPY_PHASE_STRIP = NO;
				DEBUG_INFORMATION_FORMAT = "dwarf-with-dsym";
				ENABLE_NS_ASSERTIONS = NO;
				ENABLE_STRICT_OBJC_MSGSEND = YES;
				GCC_C_LANGUAGE_STANDARD = gnu11;
				GCC_NO_COMMON_BLOCKS = YES;
				GCC_WARN_64_TO_32_BIT_CONVERSION = YES;
				GCC_WARN_ABOUT_RETURN_TYPE = YES_ERROR;
				GCC_WARN_UNDECLARED_SELECTOR = YES;
				GCC_WARN_UNINITIALIZED_AUTOS = YES_AGGRESSIVE;
				GCC_WARN_UNUSED_FUNCTION = YES;
				GCC_WARN_UNUSED_VARIABLE = YES;
				IPHONEOS_DEPLOYMENT_TARGET = 14.0;
				MTL_ENABLE_DEBUG_INFO = NO;
				MTL_FAST_MATH = YES;
				SDKROOT = iphoneos;
				SWIFT_COMPILATION_MODE = wholemodule;
				SWIFT_OPTIMIZATION_LEVEL = "-O";
				VALIDATE_PRODUCT = YES;
			};
			name = Release;
		};
		E9E9F6C1253EC3E200612836 /* Debug */ = {
			isa = XCBuildConfiguration;
			buildSettings = {
				ASSETCATALOG_COMPILER_APPICON_NAME = AppIcon;
				ASSETCATALOG_COMPILER_GLOBAL_ACCENT_COLOR_NAME = AccentColor;
				CODE_SIGN_ENTITLEMENTS = "";
				CODE_SIGN_STYLE = Automatic;
				DEVELOPMENT_ASSET_PATHS = "\"TIM-Example-iOS/Preview Content\"";
				DEVELOPMENT_TEAM = ZZGMPFLA2F;
				ENABLE_PREVIEWS = YES;
				INFOPLIST_FILE = "TIM-Example-iOS/Resources/Info.plist";
				IPHONEOS_DEPLOYMENT_TARGET = 14.0;
				LD_RUNPATH_SEARCH_PATHS = (
					"$(inherited)",
					"@executable_path/Frameworks",
				);
				PRODUCT_BUNDLE_IDENTIFIER = "com.trifork.TIM-Example-iOS";
				PRODUCT_NAME = "$(TARGET_NAME)";
				SWIFT_VERSION = 5.0;
				TARGETED_DEVICE_FAMILY = "1,2";
			};
			name = Debug;
		};
		E9E9F6C2253EC3E200612836 /* Release */ = {
			isa = XCBuildConfiguration;
			buildSettings = {
				ASSETCATALOG_COMPILER_APPICON_NAME = AppIcon;
				ASSETCATALOG_COMPILER_GLOBAL_ACCENT_COLOR_NAME = AccentColor;
				CODE_SIGN_ENTITLEMENTS = "";
				CODE_SIGN_STYLE = Automatic;
				DEVELOPMENT_ASSET_PATHS = "\"TIM-Example-iOS/Preview Content\"";
				DEVELOPMENT_TEAM = ZZGMPFLA2F;
				ENABLE_PREVIEWS = YES;
				INFOPLIST_FILE = "TIM-Example-iOS/Resources/Info.plist";
				IPHONEOS_DEPLOYMENT_TARGET = 14.0;
				LD_RUNPATH_SEARCH_PATHS = (
					"$(inherited)",
					"@executable_path/Frameworks",
				);
				PRODUCT_BUNDLE_IDENTIFIER = "com.trifork.TIM-Example-iOS";
				PRODUCT_NAME = "$(TARGET_NAME)";
				SWIFT_VERSION = 5.0;
				TARGETED_DEVICE_FAMILY = "1,2";
			};
			name = Release;
		};
/* End XCBuildConfiguration section */

/* Begin XCConfigurationList section */
		E9E9F6AC253EC3E000612836 /* Build configuration list for PBXProject "TIM-Example-iOS" */ = {
			isa = XCConfigurationList;
			buildConfigurations = (
				E9E9F6BE253EC3E200612836 /* Debug */,
				E9E9F6BF253EC3E200612836 /* Release */,
			);
			defaultConfigurationIsVisible = 0;
			defaultConfigurationName = Release;
		};
		E9E9F6C0253EC3E200612836 /* Build configuration list for PBXNativeTarget "TIM-Example-iOS" */ = {
			isa = XCConfigurationList;
			buildConfigurations = (
				E9E9F6C1253EC3E200612836 /* Debug */,
				E9E9F6C2253EC3E200612836 /* Release */,
			);
			defaultConfigurationIsVisible = 0;
			defaultConfigurationName = Release;
		};
/* End XCConfigurationList section */

/* Begin XCRemoteSwiftPackageReference section */
		E9C09C9A254ADCE3005C3E97 /* XCRemoteSwiftPackageReference "TIM-iOS" */ = {
			isa = XCRemoteSwiftPackageReference;
			repositoryURL = "https://github.com/trifork/TIM-iOS.git";
			requirement = {
				branch = "tkc/error-handling";
				kind = branch;
			};
		};
/* End XCRemoteSwiftPackageReference section */

/* Begin XCSwiftPackageProductDependency section */
		E9C09C9B254ADCE3005C3E97 /* TIM */ = {
			isa = XCSwiftPackageProductDependency;
			package = E9C09C9A254ADCE3005C3E97 /* XCRemoteSwiftPackageReference "TIM-iOS" */;
			productName = TIM;
		};
/* End XCSwiftPackageProductDependency section */
	};
	rootObject = E9E9F6A9253EC3E000612836 /* Project object */;
}
