{
  "object": {
    "pins": [
      {
        "package": "AppAuth",
        "repositoryURL": "https://github.com/openid/AppAuth-iOS",
        "state": {
          "branch": null,
          "revision": "01131d68346c8ae552961c768d583c715fbe1410",
          "version": "1.4.0"
        }
      },
      {
        "package": "TriforkIdentityManager-Swift",
        "repositoryURL": "https://github.com/tkctrifork/TriforkIdentityManager-Swift",
        "state": {
          "branch": "main",
          "revision": "1311d6c9f4fbe180e7e7ce16004502d5c0b27b47",
          "version": null
        }
      }
    ]
  },
  "version": 1
}
